
Microsoft Visual Studio Solution File, Format Version 12.00
# Visual Studio Version 17
VisualStudioVersion = 17.5.33627.172
MinimumVisualStudioVersion = 10.0.40219.1
Project("{9A19103F-16F7-4668-BE54-9A1E7A4F7556}") = "1.LeituraEscritaArquivos-Csharp", "01-LeituraEscritaArquivos-Csharp\1.LeituraEscritaArquivos-Csharp.csproj", "{0210489D-6614-4181-A056-731D8AAE587C}"
EndProject
Project("{FAE04EC0-301F-11D3-BF4B-00C04F79EFBC}") = "4.TrabalhandoComArquivosJsonCSharp", "4.TrabalhandoComArquivosJsonCSharp\4.TrabalhandoComArquivosJsonCSharp.csproj", "{AF5D42C3-A5B2-40DA-B6F0-116421359D6C}"
EndProject
Global
	GlobalSection(SolutionConfigurationPlatforms) = preSolution
		Debug|Any CPU = Debug|Any CPU
		Release|Any CPU = Release|Any CPU
	EndGlobalSection
	GlobalSection(ProjectConfigurationPlatforms) = postSolution
		{0210489D-6614-4181-A056-731D8AAE587C}.Debug|Any CPU.ActiveCfg = Debug|Any CPU
		{0210489D-6614-4181-A056-731D8AAE587C}.Debug|Any CPU.Build.0 = Debug|Any CPU
		{0210489D-6614-4181-A056-731D8AAE587C}.Release|Any CPU.ActiveCfg = Release|Any CPU
		{0210489D-6614-4181-A056-731D8AAE587C}.Release|Any CPU.Build.0 = Release|Any CPU
		{AF5D42C3-A5B2-40DA-B6F0-116421359D6C}.Debug|Any CPU.ActiveCfg = Debug|Any CPU
		{AF5D42C3-A5B2-40DA-B6F0-116421359D6C}.Debug|Any CPU.Build.0 = Debug|Any CPU
		{AF5D42C3-A5B2-40DA-B6F0-116421359D6C}.Release|Any CPU.ActiveCfg = Release|Any CPU
		{AF5D42C3-A5B2-40DA-B6F0-116421359D6C}.Release|Any CPU.Build.0 = Release|Any CPU
	EndGlobalSection
	GlobalSection(SolutionProperties) = preSolution
		HideSolutionNode = FALSE
	EndGlobalSection
	GlobalSection(ExtensibilityGlobals) = postSolution
		SolutionGuid = {E91AEC1B-A5FA-4C83-91CC-EC860FFAD455}
	EndGlobalSection
EndGlobal
